
Microsoft Visual Studio Solution File, Format Version 12.00
# Visual Studio Version 17
VisualStudioVersion = 17.4.33122.133
MinimumVisualStudioVersion = 10.0.40219.1
Project("{8BC9CEB8-8B4A-11D0-8D11-00A0C91BC942}") = "Home tusk 09.01", "Home tusk 09.01\Home tusk 09.01.vcxproj", "{1580AA88-E604-4244-8A85-554255BBCDFC}"
EndProject
Global
	GlobalSection(SolutionConfigurationPlatforms) = preSolution
		Debug|x64 = Debug|x64
		Debug|x86 = Debug|x86
		Release|x64 = Release|x64
		Release|x86 = Release|x86
	EndGlobalSection
	GlobalSection(ProjectConfigurationPlatforms) = postSolution
		{1580AA88-E604-4244-8A85-554255BBCDFC}.Debug|x64.ActiveCfg = Debug|x64
		{1580AA88-E604-4244-8A85-554255BBCDFC}.Debug|x64.Build.0 = Debug|x64
		{1580AA88-E604-4244-8A85-554255BBCDFC}.Debug|x86.ActiveCfg = Debug|Win32
		{1580AA88-E604-4244-8A85-554255BBCDFC}.Debug|x86.Build.0 = Debug|Win32
		{1580AA88-E604-4244-8A85-554255BBCDFC}.Release|x64.ActiveCfg = Release|x64
		{1580AA88-E604-4244-8A85-554255BBCDFC}.Release|x64.Build.0 = Release|x64
		{1580AA88-E604-4244-8A85-554255BBCDFC}.Release|x86.ActiveCfg = Release|Win32
		{1580AA88-E604-4244-8A85-554255BBCDFC}.Release|x86.Build.0 = Release|Win32
	EndGlobalSection
	GlobalSection(SolutionProperties) = preSolution
		HideSolutionNode = FALSE
	EndGlobalSection
	GlobalSection(ExtensibilityGlobals) = postSolution
		SolutionGuid = {359A4E27-487D-477A-B2EC-CD5F054E3957}
	EndGlobalSection
EndGlobal
